// !$*UTF8*$!
{
	archiveVersion = 1;
	classes = {
	};
	objectVersion = 48;
	objects = {

/* Begin PBXBuildFile section */
		33E6867492401ACD6E626E74 /* Pods_B4U_Wallet.framework in Frameworks */ = {isa = PBXBuildFile; fileRef = 368E16806684638421FF801C /* Pods_B4U_Wallet.framework */; };
		413E054221757A4200AC9A50 /* Hedera.swift in Sources */ = {isa = PBXBuildFile; fileRef = 413E054121757A4200AC9A50 /* Hedera.swift */; };
		413E0544217592CE00AC9A50 /* ApiRequestBuilder.swift in Sources */ = {isa = PBXBuildFile; fileRef = 413E0543217592CE00AC9A50 /* ApiRequestBuilder.swift */; };
		413E0546217597B700AC9A50 /* HGCAccount.swift in Sources */ = {isa = PBXBuildFile; fileRef = 413E0545217597B700AC9A50 /* HGCAccount.swift */; };
		413E05D42176457E00AC9A50 /* Duration.pb.swift in Sources */ = {isa = PBXBuildFile; fileRef = 413E05A42176456200AC9A50 /* Duration.pb.swift */; };
		413E05D62176457E00AC9A50 /* CryptoDeleteClaim.pb.swift in Sources */ = {isa = PBXBuildFile; fileRef = 413E05A62176456400AC9A50 /* CryptoDeleteClaim.pb.swift */; };
		413E05D82176457E00AC9A50 /* FileGetContents.pb.swift in Sources */ = {isa = PBXBuildFile; fileRef = 413E05A82176456500AC9A50 /* FileGetContents.pb.swift */; };
		413E05D92176457E00AC9A50 /* CryptoGetAccountRecords.pb.swift in Sources */ = {isa = PBXBuildFile; fileRef = 413E05A92176456500AC9A50 /* CryptoGetAccountRecords.pb.swift */; };
		413E05DA2176457E00AC9A50 /* FileGetInfo.pb.swift in Sources */ = {isa = PBXBuildFile; fileRef = 413E05AA2176456600AC9A50 /* FileGetInfo.pb.swift */; };
		413E05DB2176457E00AC9A50 /* SmartContractService.grpc.swift in Sources */ = {isa = PBXBuildFile; fileRef = 413E05AB2176456600AC9A50 /* SmartContractService.grpc.swift */; };
		413E05DC2176457E00AC9A50 /* SmartContractService.pb.swift in Sources */ = {isa = PBXBuildFile; fileRef = 413E05AC2176456700AC9A50 /* SmartContractService.pb.swift */; };
		413E05DD2176457E00AC9A50 /* TransactionGetRecord.pb.swift in Sources */ = {isa = PBXBuildFile; fileRef = 413E05AD2176456800AC9A50 /* TransactionGetRecord.pb.swift */; };
		413E05DE2176457E00AC9A50 /* CryptoGetAccountBalance.pb.swift in Sources */ = {isa = PBXBuildFile; fileRef = 413E05AE2176456800AC9A50 /* CryptoGetAccountBalance.pb.swift */; };
		413E05DF2176457E00AC9A50 /* BasicTypes.pb.swift in Sources */ = {isa = PBXBuildFile; fileRef = 413E05AF2176456900AC9A50 /* BasicTypes.pb.swift */; };
		413E05E02176457E00AC9A50 /* TransactionGetReceipt.pb.swift in Sources */ = {isa = PBXBuildFile; fileRef = 413E05B02176456900AC9A50 /* TransactionGetReceipt.pb.swift */; };
		413E05E12176457E00AC9A50 /* AdminDelete.pb.swift in Sources */ = {isa = PBXBuildFile; fileRef = 413E05B12176456A00AC9A50 /* AdminDelete.pb.swift */; };
		413E05E22176457E00AC9A50 /* TransactionResponse.pb.swift in Sources */ = {isa = PBXBuildFile; fileRef = 413E05B22176456B00AC9A50 /* TransactionResponse.pb.swift */; };
		413E05E32176457E00AC9A50 /* QueryHeader.pb.swift in Sources */ = {isa = PBXBuildFile; fileRef = 413E05B32176456B00AC9A50 /* QueryHeader.pb.swift */; };
		413E05E52176457E00AC9A50 /* Transaction.pb.swift in Sources */ = {isa = PBXBuildFile; fileRef = 413E05B52176456C00AC9A50 /* Transaction.pb.swift */; };
		413E05E62176457E00AC9A50 /* FileService.pb.swift in Sources */ = {isa = PBXBuildFile; fileRef = 413E05B62176456D00AC9A50 /* FileService.pb.swift */; };
		413E05E72176457E00AC9A50 /* FileAppend.pb.swift in Sources */ = {isa = PBXBuildFile; fileRef = 413E05B72176456E00AC9A50 /* FileAppend.pb.swift */; };
		413E05E82176457E00AC9A50 /* Response.pb.swift in Sources */ = {isa = PBXBuildFile; fileRef = 413E05B82176456E00AC9A50 /* Response.pb.swift */; };
		413E05E92176457E00AC9A50 /* Timestamp.pb.swift in Sources */ = {isa = PBXBuildFile; fileRef = 413E05B92176456F00AC9A50 /* Timestamp.pb.swift */; };
		413E05EA2176457E00AC9A50 /* TransactionReceipt.pb.swift in Sources */ = {isa = PBXBuildFile; fileRef = 413E05BA2176456F00AC9A50 /* TransactionReceipt.pb.swift */; };
		413E05EB2176457E00AC9A50 /* CryptoGetClaim.pb.swift in Sources */ = {isa = PBXBuildFile; fileRef = 413E05BB2176457000AC9A50 /* CryptoGetClaim.pb.swift */; };
		413E05EE2176457E00AC9A50 /* FileService.grpc.swift in Sources */ = {isa = PBXBuildFile; fileRef = 413E05BE2176457200AC9A50 /* FileService.grpc.swift */; };
		413E05EF2176457E00AC9A50 /* CryptoDelete.pb.swift in Sources */ = {isa = PBXBuildFile; fileRef = 413E05BF2176457200AC9A50 /* CryptoDelete.pb.swift */; };
		413E05F02176457E00AC9A50 /* ResponseHeader.pb.swift in Sources */ = {isa = PBXBuildFile; fileRef = 413E05C02176457300AC9A50 /* ResponseHeader.pb.swift */; };
		413E05F22176457E00AC9A50 /* FileCreate.pb.swift in Sources */ = {isa = PBXBuildFile; fileRef = 413E05C22176457400AC9A50 /* FileCreate.pb.swift */; };
		413E05F32176457E00AC9A50 /* CryptoTransfer.pb.swift in Sources */ = {isa = PBXBuildFile; fileRef = 413E05C32176457500AC9A50 /* CryptoTransfer.pb.swift */; };
		413E05F42176457E00AC9A50 /* FileDelete.pb.swift in Sources */ = {isa = PBXBuildFile; fileRef = 413E05C42176457500AC9A50 /* FileDelete.pb.swift */; };
		413E05F52176457E00AC9A50 /* Query.pb.swift in Sources */ = {isa = PBXBuildFile; fileRef = 413E05C52176457600AC9A50 /* Query.pb.swift */; };
		413E05F62176457E00AC9A50 /* TransactionRecord.pb.swift in Sources */ = {isa = PBXBuildFile; fileRef = 413E05C62176457600AC9A50 /* TransactionRecord.pb.swift */; };
		413E05F72176457E00AC9A50 /* CryptoUpdate.pb.swift in Sources */ = {isa = PBXBuildFile; fileRef = 413E05C72176457700AC9A50 /* CryptoUpdate.pb.swift */; };
		413E05F82176457E00AC9A50 /* CryptoAddClaim.pb.swift in Sources */ = {isa = PBXBuildFile; fileRef = 413E05C82176457800AC9A50 /* CryptoAddClaim.pb.swift */; };
		413E05F92176457E00AC9A50 /* CryptoService.grpc.swift in Sources */ = {isa = PBXBuildFile; fileRef = 413E05C92176457800AC9A50 /* CryptoService.grpc.swift */; };
		413E05FB2176457E00AC9A50 /* GetByKey.pb.swift in Sources */ = {isa = PBXBuildFile; fileRef = 413E05CB2176457900AC9A50 /* GetByKey.pb.swift */; };
		413E05FC2176457E00AC9A50 /* CryptoService.pb.swift in Sources */ = {isa = PBXBuildFile; fileRef = 413E05CC2176457A00AC9A50 /* CryptoService.pb.swift */; };
		413E05FD2176457E00AC9A50 /* CryptoCreate.pb.swift in Sources */ = {isa = PBXBuildFile; fileRef = 413E05CD2176457B00AC9A50 /* CryptoCreate.pb.swift */; };
		413E05FE2176457E00AC9A50 /* CryptoGetInfo.pb.swift in Sources */ = {isa = PBXBuildFile; fileRef = 413E05CE2176457B00AC9A50 /* CryptoGetInfo.pb.swift */; };
		413E05FF2176457E00AC9A50 /* FileUpdate.pb.swift in Sources */ = {isa = PBXBuildFile; fileRef = 413E05CF2176457C00AC9A50 /* FileUpdate.pb.swift */; };
		413E06002176457E00AC9A50 /* AdminUndelete.pb.swift in Sources */ = {isa = PBXBuildFile; fileRef = 413E05D02176457C00AC9A50 /* AdminUndelete.pb.swift */; };
		413E06012176457E00AC9A50 /* CryptoGetStakers.pb.swift in Sources */ = {isa = PBXBuildFile; fileRef = 413E05D12176457D00AC9A50 /* CryptoGetStakers.pb.swift */; };
		413E06022176457E00AC9A50 /* GetBySolidityID.pb.swift in Sources */ = {isa = PBXBuildFile; fileRef = 413E05D22176457D00AC9A50 /* GetBySolidityID.pb.swift */; };
		4147D5732013D46E00077A87 /* AppDelegate.swift in Sources */ = {isa = PBXBuildFile; fileRef = 4147D5722013D46E00077A87 /* AppDelegate.swift */; };
		4147D5752013D46E00077A87 /* ViewController.swift in Sources */ = {isa = PBXBuildFile; fileRef = 4147D5742013D46E00077A87 /* ViewController.swift */; };
		4147D5782013D46E00077A87 /* Main.storyboard in Resources */ = {isa = PBXBuildFile; fileRef = 4147D5762013D46E00077A87 /* Main.storyboard */; };
		4147D57A2013D46E00077A87 /* Assets.xcassets in Resources */ = {isa = PBXBuildFile; fileRef = 4147D5792013D46E00077A87 /* Assets.xcassets */; };
		4147D57D2013D46E00077A87 /* LaunchScreen.storyboard in Resources */ = {isa = PBXBuildFile; fileRef = 4147D57B2013D46E00077A87 /* LaunchScreen.storyboard */; };
		4155C155204A18DD00F67F9B /* CameraController.swift in Sources */ = {isa = PBXBuildFile; fileRef = 4155C154204A18DD00F67F9B /* CameraController.swift */; };
		418537052034A8CE00E587A1 /* CameraVC.swift in Sources */ = {isa = PBXBuildFile; fileRef = 418537042034A8CE00E587A1 /* CameraVC.swift */; };
		41D280D120227D600084974F /* CreateAccountVC.swift in Sources */ = {isa = PBXBuildFile; fileRef = 41D280D020227D600084974F /* CreateAccountVC.swift */; };
		41D280D32023907C0084974F /* PayVC.swift in Sources */ = {isa = PBXBuildFile; fileRef = 41D280D22023907C0084974F /* PayVC.swift */; };
		41D281992026095D0084974F /* AddAssetVC.swift in Sources */ = {isa = PBXBuildFile; fileRef = 41D281982026095D0084974F /* AddAssetVC.swift */; };
		41D2819C2028B84E0084974F /* b4u.png in Resources */ = {isa = PBXBuildFile; fileRef = 41D2819B2028B84E0084974F /* b4u.png */; };
		41D2819E2028D6290084974F /* BuyAssetTVC.swift in Sources */ = {isa = PBXBuildFile; fileRef = 41D2819D2028D6290084974F /* BuyAssetTVC.swift */; };
		41D281A22028E5B90084974F /* BuyVC.swift in Sources */ = {isa = PBXBuildFile; fileRef = 41D281A12028E5B90084974F /* BuyVC.swift */; };
		41E3AA62204DEF5500E54FA9 /* GoogleService-Info.plist in Resources */ = {isa = PBXBuildFile; fileRef = 41E3AA61204DEF5500E54FA9 /* GoogleService-Info.plist */; };
		41E3AA67205217A000E54FA9 /* AssetTableViewCell.swift in Sources */ = {isa = PBXBuildFile; fileRef = 41E3AA66205217A000E54FA9 /* AssetTableViewCell.swift */; };
		41E3AA6920533A8800E54FA9 /* CarrouselImageView.swift in Sources */ = {isa = PBXBuildFile; fileRef = 41E3AA6820533A8800E54FA9 /* CarrouselImageView.swift */; };
		41F6BB512013E11F0001E114 /* TCPClient.swift in Sources */ = {isa = PBXBuildFile; fileRef = 41F6BB492013E11F0001E114 /* TCPClient.swift */; };
		41F6BB522013E11F0001E114 /* Info-tvOS.plist in Resources */ = {isa = PBXBuildFile; fileRef = 41F6BB4A2013E11F0001E114 /* Info-tvOS.plist */; };
		41F6BB532013E11F0001E114 /* Info.plist in Resources */ = {isa = PBXBuildFile; fileRef = 41F6BB4B2013E11F0001E114 /* Info.plist */; };
		41F6BB542013E11F0001E114 /* Result.swift in Sources */ = {isa = PBXBuildFile; fileRef = 41F6BB4C2013E11F0001E114 /* Result.swift */; };
		41F6BB552013E11F0001E114 /* UDPClient.swift in Sources */ = {isa = PBXBuildFile; fileRef = 41F6BB4D2013E11F0001E114 /* UDPClient.swift */; };
		41F6BB562013E11F0001E114 /* yudpsocket.c in Sources */ = {isa = PBXBuildFile; fileRef = 41F6BB4E2013E11F0001E114 /* yudpsocket.c */; };
		41F6BB572013E11F0001E114 /* Socket.swift in Sources */ = {isa = PBXBuildFile; fileRef = 41F6BB4F2013E11F0001E114 /* Socket.swift */; };
		41F6BB582013E11F0001E114 /* ytcpsocket.c in Sources */ = {isa = PBXBuildFile; fileRef = 41F6BB502013E11F0001E114 /* ytcpsocket.c */; };
/* End PBXBuildFile section */

/* Begin PBXFileReference section */
		368E16806684638421FF801C /* Pods_B4U_Wallet.framework */ = {isa = PBXFileReference; explicitFileType = wrapper.framework; includeInIndex = 0; path = Pods_B4U_Wallet.framework; sourceTree = BUILT_PRODUCTS_DIR; };
		413E054121757A4200AC9A50 /* Hedera.swift */ = {isa = PBXFileReference; fileEncoding = 4; lastKnownFileType = sourcecode.swift; path = Hedera.swift; sourceTree = SOURCE_ROOT; };
		413E0543217592CE00AC9A50 /* ApiRequestBuilder.swift */ = {isa = PBXFileReference; lastKnownFileType = sourcecode.swift; path = ApiRequestBuilder.swift; sourceTree = "<group>"; };
		413E0545217597B700AC9A50 /* HGCAccount.swift */ = {isa = PBXFileReference; lastKnownFileType = sourcecode.swift; path = HGCAccount.swift; sourceTree = "<group>"; };
		413E05A42176456200AC9A50 /* Duration.pb.swift */ = {isa = PBXFileReference; fileEncoding = 4; lastKnownFileType = sourcecode.swift; path = Duration.pb.swift; sourceTree = "<group>"; };
		413E05A62176456400AC9A50 /* CryptoDeleteClaim.pb.swift */ = {isa = PBXFileReference; fileEncoding = 4; lastKnownFileType = sourcecode.swift; path = CryptoDeleteClaim.pb.swift; sourceTree = "<group>"; };
		413E05A82176456500AC9A50 /* FileGetContents.pb.swift */ = {isa = PBXFileReference; fileEncoding = 4; lastKnownFileType = sourcecode.swift; path = FileGetContents.pb.swift; sourceTree = "<group>"; };
		413E05A92176456500AC9A50 /* CryptoGetAccountRecords.pb.swift */ = {isa = PBXFileReference; fileEncoding = 4; lastKnownFileType = sourcecode.swift; path = CryptoGetAccountRecords.pb.swift; sourceTree = "<group>"; };
		413E05AA2176456600AC9A50 /* FileGetInfo.pb.swift */ = {isa = PBXFileReference; fileEncoding = 4; lastKnownFileType = sourcecode.swift; path = FileGetInfo.pb.swift; sourceTree = "<group>"; };
		413E05AB2176456600AC9A50 /* SmartContractService.grpc.swift */ = {isa = PBXFileReference; fileEncoding = 4; lastKnownFileType = sourcecode.swift; path = SmartContractService.grpc.swift; sourceTree = "<group>"; };
		413E05AC2176456700AC9A50 /* SmartContractService.pb.swift */ = {isa = PBXFileReference; fileEncoding = 4; lastKnownFileType = sourcecode.swift; path = SmartContractService.pb.swift; sourceTree = "<group>"; };
		413E05AD2176456800AC9A50 /* TransactionGetRecord.pb.swift */ = {isa = PBXFileReference; fileEncoding = 4; lastKnownFileType = sourcecode.swift; path = TransactionGetRecord.pb.swift; sourceTree = "<group>"; };
		413E05AE2176456800AC9A50 /* CryptoGetAccountBalance.pb.swift */ = {isa = PBXFileReference; fileEncoding = 4; lastKnownFileType = sourcecode.swift; path = CryptoGetAccountBalance.pb.swift; sourceTree = "<group>"; };
		413E05AF2176456900AC9A50 /* BasicTypes.pb.swift */ = {isa = PBXFileReference; fileEncoding = 4; lastKnownFileType = sourcecode.swift; path = BasicTypes.pb.swift; sourceTree = "<group>"; };
		413E05B02176456900AC9A50 /* TransactionGetReceipt.pb.swift */ = {isa = PBXFileReference; fileEncoding = 4; lastKnownFileType = sourcecode.swift; path = TransactionGetReceipt.pb.swift; sourceTree = "<group>"; };
		413E05B12176456A00AC9A50 /* AdminDelete.pb.swift */ = {isa = PBXFileReference; fileEncoding = 4; lastKnownFileType = sourcecode.swift; path = AdminDelete.pb.swift; sourceTree = "<group>"; };
		413E05B22176456B00AC9A50 /* TransactionResponse.pb.swift */ = {isa = PBXFileReference; fileEncoding = 4; lastKnownFileType = sourcecode.swift; path = TransactionResponse.pb.swift; sourceTree = "<group>"; };
		413E05B32176456B00AC9A50 /* QueryHeader.pb.swift */ = {isa = PBXFileReference; fileEncoding = 4; lastKnownFileType = sourcecode.swift; path = QueryHeader.pb.swift; sourceTree = "<group>"; };
		413E05B52176456C00AC9A50 /* Transaction.pb.swift */ = {isa = PBXFileReference; fileEncoding = 4; lastKnownFileType = sourcecode.swift; path = Transaction.pb.swift; sourceTree = "<group>"; };
		413E05B62176456D00AC9A50 /* FileService.pb.swift */ = {isa = PBXFileReference; fileEncoding = 4; lastKnownFileType = sourcecode.swift; path = FileService.pb.swift; sourceTree = "<group>"; };
		413E05B72176456E00AC9A50 /* FileAppend.pb.swift */ = {isa = PBXFileReference; fileEncoding = 4; lastKnownFileType = sourcecode.swift; path = FileAppend.pb.swift; sourceTree = "<group>"; };
		413E05B82176456E00AC9A50 /* Response.pb.swift */ = {isa = PBXFileReference; fileEncoding = 4; lastKnownFileType = sourcecode.swift; path = Response.pb.swift; sourceTree = "<group>"; };
		413E05B92176456F00AC9A50 /* Timestamp.pb.swift */ = {isa = PBXFileReference; fileEncoding = 4; lastKnownFileType = sourcecode.swift; path = Timestamp.pb.swift; sourceTree = "<group>"; };
		413E05BA2176456F00AC9A50 /* TransactionReceipt.pb.swift */ = {isa = PBXFileReference; fileEncoding = 4; lastKnownFileType = sourcecode.swift; path = TransactionReceipt.pb.swift; sourceTree = "<group>"; };
		413E05BB2176457000AC9A50 /* CryptoGetClaim.pb.swift */ = {isa = PBXFileReference; fileEncoding = 4; lastKnownFileType = sourcecode.swift; path = CryptoGetClaim.pb.swift; sourceTree = "<group>"; };
		413E05BE2176457200AC9A50 /* FileService.grpc.swift */ = {isa = PBXFileReference; fileEncoding = 4; lastKnownFileType = sourcecode.swift; path = FileService.grpc.swift; sourceTree = "<group>"; };
		413E05BF2176457200AC9A50 /* CryptoDelete.pb.swift */ = {isa = PBXFileReference; fileEncoding = 4; lastKnownFileType = sourcecode.swift; path = CryptoDelete.pb.swift; sourceTree = "<group>"; };
		413E05C02176457300AC9A50 /* ResponseHeader.pb.swift */ = {isa = PBXFileReference; fileEncoding = 4; lastKnownFileType = sourcecode.swift; path = ResponseHeader.pb.swift; sourceTree = "<group>"; };
		413E05C22176457400AC9A50 /* FileCreate.pb.swift */ = {isa = PBXFileReference; fileEncoding = 4; lastKnownFileType = sourcecode.swift; path = FileCreate.pb.swift; sourceTree = "<group>"; };
		413E05C32176457500AC9A50 /* CryptoTransfer.pb.swift */ = {isa = PBXFileReference; fileEncoding = 4; lastKnownFileType = sourcecode.swift; path = CryptoTransfer.pb.swift; sourceTree = "<group>"; };
		413E05C42176457500AC9A50 /* FileDelete.pb.swift */ = {isa = PBXFileReference; fileEncoding = 4; lastKnownFileType = sourcecode.swift; path = FileDelete.pb.swift; sourceTree = "<group>"; };
		413E05C52176457600AC9A50 /* Query.pb.swift */ = {isa = PBXFileReference; fileEncoding = 4; lastKnownFileType = sourcecode.swift; path = Query.pb.swift; sourceTree = "<group>"; };
		413E05C62176457600AC9A50 /* TransactionRecord.pb.swift */ = {isa = PBXFileReference; fileEncoding = 4; lastKnownFileType = sourcecode.swift; path = TransactionRecord.pb.swift; sourceTree = "<group>"; };
		413E05C72176457700AC9A50 /* CryptoUpdate.pb.swift */ = {isa = PBXFileReference; fileEncoding = 4; lastKnownFileType = sourcecode.swift; path = CryptoUpdate.pb.swift; sourceTree = "<group>"; };
		413E05C82176457800AC9A50 /* CryptoAddClaim.pb.swift */ = {isa = PBXFileReference; fileEncoding = 4; lastKnownFileType = sourcecode.swift; path = CryptoAddClaim.pb.swift; sourceTree = "<group>"; };
		413E05C92176457800AC9A50 /* CryptoService.grpc.swift */ = {isa = PBXFileReference; fileEncoding = 4; lastKnownFileType = sourcecode.swift; path = CryptoService.grpc.swift; sourceTree = "<group>"; };
		413E05CB2176457900AC9A50 /* GetByKey.pb.swift */ = {isa = PBXFileReference; fileEncoding = 4; lastKnownFileType = sourcecode.swift; path = GetByKey.pb.swift; sourceTree = "<group>"; };
		413E05CC2176457A00AC9A50 /* CryptoService.pb.swift */ = {isa = PBXFileReference; fileEncoding = 4; lastKnownFileType = sourcecode.swift; path = CryptoService.pb.swift; sourceTree = "<group>"; };
		413E05CD2176457B00AC9A50 /* CryptoCreate.pb.swift */ = {isa = PBXFileReference; fileEncoding = 4; lastKnownFileType = sourcecode.swift; path = CryptoCreate.pb.swift; sourceTree = "<group>"; };
		413E05CE2176457B00AC9A50 /* CryptoGetInfo.pb.swift */ = {isa = PBXFileReference; fileEncoding = 4; lastKnownFileType = sourcecode.swift; path = CryptoGetInfo.pb.swift; sourceTree = "<group>"; };
		413E05CF2176457C00AC9A50 /* FileUpdate.pb.swift */ = {isa = PBXFileReference; fileEncoding = 4; lastKnownFileType = sourcecode.swift; path = FileUpdate.pb.swift; sourceTree = "<group>"; };
		413E05D02176457C00AC9A50 /* AdminUndelete.pb.swift */ = {isa = PBXFileReference; fileEncoding = 4; lastKnownFileType = sourcecode.swift; path = AdminUndelete.pb.swift; sourceTree = "<group>"; };
		413E05D12176457D00AC9A50 /* CryptoGetStakers.pb.swift */ = {isa = PBXFileReference; fileEncoding = 4; lastKnownFileType = sourcecode.swift; path = CryptoGetStakers.pb.swift; sourceTree = "<group>"; };
		413E05D22176457D00AC9A50 /* GetBySolidityID.pb.swift */ = {isa = PBXFileReference; fileEncoding = 4; lastKnownFileType = sourcecode.swift; path = GetBySolidityID.pb.swift; sourceTree = "<group>"; };
		4147D56F2013D46E00077A87 /* B4U Wallet.app */ = {isa = PBXFileReference; explicitFileType = wrapper.application; includeInIndex = 0; path = "B4U Wallet.app"; sourceTree = BUILT_PRODUCTS_DIR; };
		4147D5722013D46E00077A87 /* AppDelegate.swift */ = {isa = PBXFileReference; lastKnownFileType = sourcecode.swift; path = AppDelegate.swift; sourceTree = "<group>"; };
		4147D5742013D46E00077A87 /* ViewController.swift */ = {isa = PBXFileReference; lastKnownFileType = sourcecode.swift; path = ViewController.swift; sourceTree = "<group>"; };
		4147D5772013D46E00077A87 /* Base */ = {isa = PBXFileReference; lastKnownFileType = file.storyboard; name = Base; path = Base.lproj/Main.storyboard; sourceTree = "<group>"; };
		4147D5792013D46E00077A87 /* Assets.xcassets */ = {isa = PBXFileReference; lastKnownFileType = folder.assetcatalog; path = Assets.xcassets; sourceTree = "<group>"; };
		4147D57C2013D46E00077A87 /* Base */ = {isa = PBXFileReference; lastKnownFileType = file.storyboard; name = Base; path = Base.lproj/LaunchScreen.storyboard; sourceTree = "<group>"; };
		4147D57E2013D46E00077A87 /* Info.plist */ = {isa = PBXFileReference; lastKnownFileType = text.plist.xml; path = Info.plist; sourceTree = "<group>"; };
		4155C154204A18DD00F67F9B /* CameraController.swift */ = {isa = PBXFileReference; lastKnownFileType = sourcecode.swift; path = CameraController.swift; sourceTree = "<group>"; };
		418537042034A8CE00E587A1 /* CameraVC.swift */ = {isa = PBXFileReference; lastKnownFileType = sourcecode.swift; path = CameraVC.swift; sourceTree = "<group>"; };
		41D280D020227D600084974F /* CreateAccountVC.swift */ = {isa = PBXFileReference; lastKnownFileType = sourcecode.swift; path = CreateAccountVC.swift; sourceTree = "<group>"; };
		41D280D22023907C0084974F /* PayVC.swift */ = {isa = PBXFileReference; lastKnownFileType = sourcecode.swift; path = PayVC.swift; sourceTree = "<group>"; };
		41D281982026095D0084974F /* AddAssetVC.swift */ = {isa = PBXFileReference; lastKnownFileType = sourcecode.swift; path = AddAssetVC.swift; sourceTree = "<group>"; };
		41D2819B2028B84E0084974F /* b4u.png */ = {isa = PBXFileReference; lastKnownFileType = image.png; path = b4u.png; sourceTree = "<group>"; };
		41D2819D2028D6290084974F /* BuyAssetTVC.swift */ = {isa = PBXFileReference; lastKnownFileType = sourcecode.swift; path = BuyAssetTVC.swift; sourceTree = "<group>"; };
		41D281A12028E5B90084974F /* BuyVC.swift */ = {isa = PBXFileReference; lastKnownFileType = sourcecode.swift; path = BuyVC.swift; sourceTree = "<group>"; };
		41E3AA61204DEF5500E54FA9 /* GoogleService-Info.plist */ = {isa = PBXFileReference; fileEncoding = 4; lastKnownFileType = text.plist.xml; path = "GoogleService-Info.plist"; sourceTree = "<group>"; };
		41E3AA66205217A000E54FA9 /* AssetTableViewCell.swift */ = {isa = PBXFileReference; lastKnownFileType = sourcecode.swift; path = AssetTableViewCell.swift; sourceTree = "<group>"; };
		41E3AA6820533A8800E54FA9 /* CarrouselImageView.swift */ = {isa = PBXFileReference; lastKnownFileType = sourcecode.swift; path = CarrouselImageView.swift; sourceTree = "<group>"; };
		41F6BB472013E11E0001E114 /* B4U Wallet-Bridging-Header.h */ = {isa = PBXFileReference; lastKnownFileType = sourcecode.c.h; path = "B4U Wallet-Bridging-Header.h"; sourceTree = "<group>"; };
		41F6BB482013E11F0001E114 /* SwiftSocket.h */ = {isa = PBXFileReference; fileEncoding = 4; lastKnownFileType = sourcecode.c.h; path = SwiftSocket.h; sourceTree = "<group>"; };
		41F6BB492013E11F0001E114 /* TCPClient.swift */ = {isa = PBXFileReference; fileEncoding = 4; lastKnownFileType = sourcecode.swift; path = TCPClient.swift; sourceTree = "<group>"; };
		41F6BB4A2013E11F0001E114 /* Info-tvOS.plist */ = {isa = PBXFileReference; fileEncoding = 4; lastKnownFileType = text.plist.xml; path = "Info-tvOS.plist"; sourceTree = "<group>"; };
		41F6BB4B2013E11F0001E114 /* Info.plist */ = {isa = PBXFileReference; fileEncoding = 4; lastKnownFileType = text.plist.xml; path = Info.plist; sourceTree = "<group>"; };
		41F6BB4C2013E11F0001E114 /* Result.swift */ = {isa = PBXFileReference; fileEncoding = 4; lastKnownFileType = sourcecode.swift; path = Result.swift; sourceTree = "<group>"; };
		41F6BB4D2013E11F0001E114 /* UDPClient.swift */ = {isa = PBXFileReference; fileEncoding = 4; lastKnownFileType = sourcecode.swift; path = UDPClient.swift; sourceTree = "<group>"; };
		41F6BB4E2013E11F0001E114 /* yudpsocket.c */ = {isa = PBXFileReference; fileEncoding = 4; lastKnownFileType = sourcecode.c.c; path = yudpsocket.c; sourceTree = "<group>"; };
		41F6BB4F2013E11F0001E114 /* Socket.swift */ = {isa = PBXFileReference; fileEncoding = 4; lastKnownFileType = sourcecode.swift; path = Socket.swift; sourceTree = "<group>"; };
		41F6BB502013E11F0001E114 /* ytcpsocket.c */ = {isa = PBXFileReference; fileEncoding = 4; lastKnownFileType = sourcecode.c.c; path = ytcpsocket.c; sourceTree = "<group>"; };
		7591C54A81BB71FAC6C9E33A /* Pods-B4U Wallet.debug.xcconfig */ = {isa = PBXFileReference; includeInIndex = 1; lastKnownFileType = text.xcconfig; name = "Pods-B4U Wallet.debug.xcconfig"; path = "Pods/Target Support Files/Pods-B4U Wallet/Pods-B4U Wallet.debug.xcconfig"; sourceTree = "<group>"; };
		BCAAA7F94DEC899FA056EB59 /* Pods-B4U Wallet.release.xcconfig */ = {isa = PBXFileReference; includeInIndex = 1; lastKnownFileType = text.xcconfig; name = "Pods-B4U Wallet.release.xcconfig"; path = "Pods/Target Support Files/Pods-B4U Wallet/Pods-B4U Wallet.release.xcconfig"; sourceTree = "<group>"; };
/* End PBXFileReference section */

/* Begin PBXFrameworksBuildPhase section */
		4147D56C2013D46E00077A87 /* Frameworks */ = {
			isa = PBXFrameworksBuildPhase;
			buildActionMask = 2147483647;
			files = (
				33E6867492401ACD6E626E74 /* Pods_B4U_Wallet.framework in Frameworks */,
			);
			runOnlyForDeploymentPostprocessing = 0;
		};
/* End PBXFrameworksBuildPhase section */

/* Begin PBXGroup section */
		2935E2F806926137141E588B /* Pods */ = {
			isa = PBXGroup;
			children = (
				7591C54A81BB71FAC6C9E33A /* Pods-B4U Wallet.debug.xcconfig */,
				BCAAA7F94DEC899FA056EB59 /* Pods-B4U Wallet.release.xcconfig */,
			);
			name = Pods;
			sourceTree = "<group>";
		};
		413E04862175351600AC9A50 /* Protobuf */ = {
			isa = PBXGroup;
			children = (
				413E05B12176456A00AC9A50 /* AdminDelete.pb.swift */,
				413E05D02176457C00AC9A50 /* AdminUndelete.pb.swift */,
				413E05AF2176456900AC9A50 /* BasicTypes.pb.swift */,
				413E05C82176457800AC9A50 /* CryptoAddClaim.pb.swift */,
				413E05CD2176457B00AC9A50 /* CryptoCreate.pb.swift */,
				413E05BF2176457200AC9A50 /* CryptoDelete.pb.swift */,
				413E05A62176456400AC9A50 /* CryptoDeleteClaim.pb.swift */,
				413E05AE2176456800AC9A50 /* CryptoGetAccountBalance.pb.swift */,
				413E05A92176456500AC9A50 /* CryptoGetAccountRecords.pb.swift */,
				413E05BB2176457000AC9A50 /* CryptoGetClaim.pb.swift */,
				413E05CE2176457B00AC9A50 /* CryptoGetInfo.pb.swift */,
				413E05D12176457D00AC9A50 /* CryptoGetStakers.pb.swift */,
				413E05C92176457800AC9A50 /* CryptoService.grpc.swift */,
				413E05CC2176457A00AC9A50 /* CryptoService.pb.swift */,
				413E05C32176457500AC9A50 /* CryptoTransfer.pb.swift */,
				413E05C72176457700AC9A50 /* CryptoUpdate.pb.swift */,
				413E05A42176456200AC9A50 /* Duration.pb.swift */,
				413E05B72176456E00AC9A50 /* FileAppend.pb.swift */,
				413E05C22176457400AC9A50 /* FileCreate.pb.swift */,
				413E05C42176457500AC9A50 /* FileDelete.pb.swift */,
				413E05A82176456500AC9A50 /* FileGetContents.pb.swift */,
				413E05AA2176456600AC9A50 /* FileGetInfo.pb.swift */,
				413E05BE2176457200AC9A50 /* FileService.grpc.swift */,
				413E05B62176456D00AC9A50 /* FileService.pb.swift */,
				413E05CF2176457C00AC9A50 /* FileUpdate.pb.swift */,
				413E05CB2176457900AC9A50 /* GetByKey.pb.swift */,
				413E05D22176457D00AC9A50 /* GetBySolidityID.pb.swift */,
				413E05C52176457600AC9A50 /* Query.pb.swift */,
				413E05B32176456B00AC9A50 /* QueryHeader.pb.swift */,
				413E05B82176456E00AC9A50 /* Response.pb.swift */,
				413E05C02176457300AC9A50 /* ResponseHeader.pb.swift */,
				413E05AB2176456600AC9A50 /* SmartContractService.grpc.swift */,
				413E05AC2176456700AC9A50 /* SmartContractService.pb.swift */,
				413E05B92176456F00AC9A50 /* Timestamp.pb.swift */,
				413E05B52176456C00AC9A50 /* Transaction.pb.swift */,
				413E05B02176456900AC9A50 /* TransactionGetReceipt.pb.swift */,
				413E05AD2176456800AC9A50 /* TransactionGetRecord.pb.swift */,
				413E05BA2176456F00AC9A50 /* TransactionReceipt.pb.swift */,
				413E05C62176457600AC9A50 /* TransactionRecord.pb.swift */,
				413E05B22176456B00AC9A50 /* TransactionResponse.pb.swift */,
			);
			path = Protobuf;
			sourceTree = "<group>";
		};
		4147D5662013D46E00077A87 = {
			isa = PBXGroup;
			children = (
				413E04862175351600AC9A50 /* Protobuf */,
				41D2819A2028B8400084974F /* Resources */,
				41F6BB462013E0E00001E114 /* SwiftSocket */,
				4147D5712013D46E00077A87 /* B4U Wallet */,
				4147D5702013D46E00077A87 /* Products */,
				2935E2F806926137141E588B /* Pods */,
				ADE0A8716F06DD6A1D6E8C5E /* Frameworks */,
			);
			sourceTree = "<group>";
		};
		4147D5702013D46E00077A87 /* Products */ = {
			isa = PBXGroup;
			children = (
				4147D56F2013D46E00077A87 /* B4U Wallet.app */,
			);
			name = Products;
			sourceTree = "<group>";
		};
		4147D5712013D46E00077A87 /* B4U Wallet */ = {
			isa = PBXGroup;
			children = (
				413E054121757A4200AC9A50 /* Hedera.swift */,
				413E0545217597B700AC9A50 /* HGCAccount.swift */,
				413E0543217592CE00AC9A50 /* ApiRequestBuilder.swift */,
				4155C154204A18DD00F67F9B /* CameraController.swift */,
				418537042034A8CE00E587A1 /* CameraVC.swift */,
				41D2819D2028D6290084974F /* BuyAssetTVC.swift */,
				41D281A12028E5B90084974F /* BuyVC.swift */,
				4147D5722013D46E00077A87 /* AppDelegate.swift */,
				41D281982026095D0084974F /* AddAssetVC.swift */,
				41E3AA6820533A8800E54FA9 /* CarrouselImageView.swift */,
				41D280D22023907C0084974F /* PayVC.swift */,
				41D280D020227D600084974F /* CreateAccountVC.swift */,
				4147D5742013D46E00077A87 /* ViewController.swift */,
				4147D5762013D46E00077A87 /* Main.storyboard */,
				41E3AA66205217A000E54FA9 /* AssetTableViewCell.swift */,
				4147D5792013D46E00077A87 /* Assets.xcassets */,
				4147D57B2013D46E00077A87 /* LaunchScreen.storyboard */,
				4147D57E2013D46E00077A87 /* Info.plist */,
				41E3AA61204DEF5500E54FA9 /* GoogleService-Info.plist */,
			);
			path = "B4U Wallet";
			sourceTree = "<group>";
		};
		41D2819A2028B8400084974F /* Resources */ = {
			isa = PBXGroup;
			children = (
				41D2819B2028B84E0084974F /* b4u.png */,
			);
			path = Resources;
			sourceTree = "<group>";
		};
		41F6BB462013E0E00001E114 /* SwiftSocket */ = {
			isa = PBXGroup;
			children = (
				41F6BB4A2013E11F0001E114 /* Info-tvOS.plist */,
				41F6BB4B2013E11F0001E114 /* Info.plist */,
				41F6BB4C2013E11F0001E114 /* Result.swift */,
				41F6BB4F2013E11F0001E114 /* Socket.swift */,
				41F6BB482013E11F0001E114 /* SwiftSocket.h */,
				41F6BB492013E11F0001E114 /* TCPClient.swift */,
				41F6BB4D2013E11F0001E114 /* UDPClient.swift */,
				41F6BB502013E11F0001E114 /* ytcpsocket.c */,
				41F6BB4E2013E11F0001E114 /* yudpsocket.c */,
				41F6BB472013E11E0001E114 /* B4U Wallet-Bridging-Header.h */,
			);
			path = SwiftSocket;
			sourceTree = "<group>";
		};
		ADE0A8716F06DD6A1D6E8C5E /* Frameworks */ = {
			isa = PBXGroup;
			children = (
				368E16806684638421FF801C /* Pods_B4U_Wallet.framework */,
			);
			name = Frameworks;
			sourceTree = "<group>";
		};
/* End PBXGroup section */

/* Begin PBXNativeTarget section */
		4147D56E2013D46E00077A87 /* B4U Wallet */ = {
			isa = PBXNativeTarget;
			buildConfigurationList = 4147D5812013D46E00077A87 /* Build configuration list for PBXNativeTarget "B4U Wallet" */;
			buildPhases = (
				EC6D31F96A24146D711714F4 /* [CP] Check Pods Manifest.lock */,
				4147D56B2013D46E00077A87 /* Sources */,
				4147D56C2013D46E00077A87 /* Frameworks */,
				4147D56D2013D46E00077A87 /* Resources */,
				772D40EFDE732AF48DEEC245 /* [CP] Embed Pods Frameworks */,
				CA9CEE02D5DCE41D4D33AD51 /* [CP] Copy Pods Resources */,
			);
			buildRules = (
			);
			dependencies = (
			);
			name = "B4U Wallet";
			productName = "B4U Wallet";
			productReference = 4147D56F2013D46E00077A87 /* B4U Wallet.app */;
			productType = "com.apple.product-type.application";
		};
/* End PBXNativeTarget section */

/* Begin PBXProject section */
		4147D5672013D46E00077A87 /* Project object */ = {
			isa = PBXProject;
			attributes = {
				LastSwiftUpdateCheck = 0920;
				LastUpgradeCheck = 0920;
				ORGANIZATIONNAME = "Andres Luis Sada Govela";
				TargetAttributes = {
					4147D56E2013D46E00077A87 = {
						CreatedOnToolsVersion = 9.2;
						LastSwiftMigration = 0920;
						ProvisioningStyle = Automatic;
					};
				};
			};
			buildConfigurationList = 4147D56A2013D46E00077A87 /* Build configuration list for PBXProject "B4U Wallet" */;
			compatibilityVersion = "Xcode 8.0";
			developmentRegion = en;
			hasScannedForEncodings = 0;
			knownRegions = (
				en,
				Base,
			);
			mainGroup = 4147D5662013D46E00077A87;
			productRefGroup = 4147D5702013D46E00077A87 /* Products */;
			projectDirPath = "";
			projectRoot = "";
			targets = (
				4147D56E2013D46E00077A87 /* B4U Wallet */,
			);
		};
/* End PBXProject section */

/* Begin PBXResourcesBuildPhase section */
		4147D56D2013D46E00077A87 /* Resources */ = {
			isa = PBXResourcesBuildPhase;
			buildActionMask = 2147483647;
			files = (
				4147D57D2013D46E00077A87 /* LaunchScreen.storyboard in Resources */,
				4147D57A2013D46E00077A87 /* Assets.xcassets in Resources */,
				41F6BB522013E11F0001E114 /* Info-tvOS.plist in Resources */,
				41D2819C2028B84E0084974F /* b4u.png in Resources */,
				41F6BB532013E11F0001E114 /* Info.plist in Resources */,
				4147D5782013D46E00077A87 /* Main.storyboard in Resources */,
				41E3AA62204DEF5500E54FA9 /* GoogleService-Info.plist in Resources */,
			);
			runOnlyForDeploymentPostprocessing = 0;
		};
/* End PBXResourcesBuildPhase section */

/* Begin PBXShellScriptBuildPhase section */
		772D40EFDE732AF48DEEC245 /* [CP] Embed Pods Frameworks */ = {
			isa = PBXShellScriptBuildPhase;
			buildActionMask = 2147483647;
			files = (
			);
			inputPaths = (
				"${SRCROOT}/Pods/Target Support Files/Pods-B4U Wallet/Pods-B4U Wallet-frameworks.sh",
				"${BUILT_PRODUCTS_DIR}/BoringSSL/openssl.framework",
				"${BUILT_PRODUCTS_DIR}/GTMSessionFetcher/GTMSessionFetcher.framework",
				"${BUILT_PRODUCTS_DIR}/GoogleAPIClientForREST/GoogleAPIClientForREST.framework",
				"${BUILT_PRODUCTS_DIR}/GoogleToolboxForMac/GoogleToolboxForMac.framework",
				"${BUILT_PRODUCTS_DIR}/Protobuf/Protobuf.framework",
				"${BUILT_PRODUCTS_DIR}/SwiftGRPC/SwiftGRPC.framework",
				"${BUILT_PRODUCTS_DIR}/SwiftProtobuf/SwiftProtobuf.framework",
				"${BUILT_PRODUCTS_DIR}/gRPC-Core/grpc.framework",
				"${BUILT_PRODUCTS_DIR}/leveldb-library/leveldb.framework",
				"${BUILT_PRODUCTS_DIR}/nanopb/nanopb.framework",
			);
			name = "[CP] Embed Pods Frameworks";
			outputPaths = (
				"${TARGET_BUILD_DIR}/${FRAMEWORKS_FOLDER_PATH}/openssl.framework",
				"${TARGET_BUILD_DIR}/${FRAMEWORKS_FOLDER_PATH}/GTMSessionFetcher.framework",
				"${TARGET_BUILD_DIR}/${FRAMEWORKS_FOLDER_PATH}/GoogleAPIClientForREST.framework",
				"${TARGET_BUILD_DIR}/${FRAMEWORKS_FOLDER_PATH}/GoogleToolboxForMac.framework",
				"${TARGET_BUILD_DIR}/${FRAMEWORKS_FOLDER_PATH}/Protobuf.framework",
				"${TARGET_BUILD_DIR}/${FRAMEWORKS_FOLDER_PATH}/SwiftGRPC.framework",
				"${TARGET_BUILD_DIR}/${FRAMEWORKS_FOLDER_PATH}/SwiftProtobuf.framework",
				"${TARGET_BUILD_DIR}/${FRAMEWORKS_FOLDER_PATH}/grpc.framework",
				"${TARGET_BUILD_DIR}/${FRAMEWORKS_FOLDER_PATH}/leveldb.framework",
				"${TARGET_BUILD_DIR}/${FRAMEWORKS_FOLDER_PATH}/nanopb.framework",
			);
			runOnlyForDeploymentPostprocessing = 0;
			shellPath = /bin/sh;
			shellScript = "\"${SRCROOT}/Pods/Target Support Files/Pods-B4U Wallet/Pods-B4U Wallet-frameworks.sh\"\n";
			showEnvVarsInLog = 0;
		};
		CA9CEE02D5DCE41D4D33AD51 /* [CP] Copy Pods Resources */ = {
			isa = PBXShellScriptBuildPhase;
			buildActionMask = 2147483647;
			files = (
			);
			inputPaths = (
				"${SRCROOT}/Pods/Target Support Files/Pods-B4U Wallet/Pods-B4U Wallet-resources.sh",
				"${PODS_CONFIGURATION_BUILD_DIR}/GoogleMobileVision/GoogleMVTextDetectorResources.bundle",
			);
			name = "[CP] Copy Pods Resources";
			outputPaths = (
				"${TARGET_BUILD_DIR}/${UNLOCALIZED_RESOURCES_FOLDER_PATH}/GoogleMVTextDetectorResources.bundle",
			);
			runOnlyForDeploymentPostprocessing = 0;
			shellPath = /bin/sh;
			shellScript = "\"${SRCROOT}/Pods/Target Support Files/Pods-B4U Wallet/Pods-B4U Wallet-resources.sh\"\n";
			showEnvVarsInLog = 0;
		};
		EC6D31F96A24146D711714F4 /* [CP] Check Pods Manifest.lock */ = {
			isa = PBXShellScriptBuildPhase;
			buildActionMask = 2147483647;
			files = (
			);
			inputPaths = (
				"${PODS_PODFILE_DIR_PATH}/Podfile.lock",
				"${PODS_ROOT}/Manifest.lock",
			);
			name = "[CP] Check Pods Manifest.lock";
			outputPaths = (
				"$(DERIVED_FILE_DIR)/Pods-B4U Wallet-checkManifestLockResult.txt",
			);
			runOnlyForDeploymentPostprocessing = 0;
			shellPath = /bin/sh;
			shellScript = "diff \"${PODS_PODFILE_DIR_PATH}/Podfile.lock\" \"${PODS_ROOT}/Manifest.lock\" > /dev/null\nif [ $? != 0 ] ; then\n    # print error to STDERR\n    echo \"error: The sandbox is not in sync with the Podfile.lock. Run 'pod install' or update your CocoaPods installation.\" >&2\n    exit 1\nfi\n# This output is used by Xcode 'outputs' to avoid re-running this script phase.\necho \"SUCCESS\" > \"${SCRIPT_OUTPUT_FILE_0}\"\n";
			showEnvVarsInLog = 0;
		};
/* End PBXShellScriptBuildPhase section */

/* Begin PBXSourcesBuildPhase section */
		4147D56B2013D46E00077A87 /* Sources */ = {
			isa = PBXSourcesBuildPhase;
			buildActionMask = 2147483647;
			files = (
				413E05FB2176457E00AC9A50 /* GetByKey.pb.swift in Sources */,
				41F6BB552013E11F0001E114 /* UDPClient.swift in Sources */,
				41D2819E2028D6290084974F /* BuyAssetTVC.swift in Sources */,
				413E05F82176457E00AC9A50 /* CryptoAddClaim.pb.swift in Sources */,
				413E05EE2176457E00AC9A50 /* FileService.grpc.swift in Sources */,
				413E05FD2176457E00AC9A50 /* CryptoCreate.pb.swift in Sources */,
				41F6BB572013E11F0001E114 /* Socket.swift in Sources */,
				413E05EF2176457E00AC9A50 /* CryptoDelete.pb.swift in Sources */,
				413E05E52176457E00AC9A50 /* Transaction.pb.swift in Sources */,
				4147D5752013D46E00077A87 /* ViewController.swift in Sources */,
				41D280D32023907C0084974F /* PayVC.swift in Sources */,
				413E05E12176457E00AC9A50 /* AdminDelete.pb.swift in Sources */,
				413E05DF2176457E00AC9A50 /* BasicTypes.pb.swift in Sources */,
				41F6BB562013E11F0001E114 /* yudpsocket.c in Sources */,
				413E05DB2176457E00AC9A50 /* SmartContractService.grpc.swift in Sources */,
				413E05FE2176457E00AC9A50 /* CryptoGetInfo.pb.swift in Sources */,
				413E05E22176457E00AC9A50 /* TransactionResponse.pb.swift in Sources */,
				413E05FF2176457E00AC9A50 /* FileUpdate.pb.swift in Sources */,
				413E05E62176457E00AC9A50 /* FileService.pb.swift in Sources */,
				413E05D92176457E00AC9A50 /* CryptoGetAccountRecords.pb.swift in Sources */,
				413E05EB2176457E00AC9A50 /* CryptoGetClaim.pb.swift in Sources */,
				413E05DE2176457E00AC9A50 /* CryptoGetAccountBalance.pb.swift in Sources */,
				413E05F22176457E00AC9A50 /* FileCreate.pb.swift in Sources */,
				41E3AA67205217A000E54FA9 /* AssetTableViewCell.swift in Sources */,
				4147D5732013D46E00077A87 /* AppDelegate.swift in Sources */,
				413E05DC2176457E00AC9A50 /* SmartContractService.pb.swift in Sources */,
				413E0544217592CE00AC9A50 /* ApiRequestBuilder.swift in Sources */,
				41D281A22028E5B90084974F /* BuyVC.swift in Sources */,
				413E05D42176457E00AC9A50 /* Duration.pb.swift in Sources */,
				413E05F42176457E00AC9A50 /* FileDelete.pb.swift in Sources */,
				41D280D120227D600084974F /* CreateAccountVC.swift in Sources */,
				413E05F72176457E00AC9A50 /* CryptoUpdate.pb.swift in Sources */,
				4155C155204A18DD00F67F9B /* CameraController.swift in Sources */,
				413E05F62176457E00AC9A50 /* TransactionRecord.pb.swift in Sources */,
				418537052034A8CE00E587A1 /* CameraVC.swift in Sources */,
				413E05D62176457E00AC9A50 /* CryptoDeleteClaim.pb.swift in Sources */,
				413E05F52176457E00AC9A50 /* Query.pb.swift in Sources */,
				413E05E82176457E00AC9A50 /* Response.pb.swift in Sources */,
				413E05E02176457E00AC9A50 /* TransactionGetReceipt.pb.swift in Sources */,
				413E05EA2176457E00AC9A50 /* TransactionReceipt.pb.swift in Sources */,
				413E06012176457E00AC9A50 /* CryptoGetStakers.pb.swift in Sources */,
				41E3AA6920533A8800E54FA9 /* CarrouselImageView.swift in Sources */,
				413E05F92176457E00AC9A50 /* CryptoService.grpc.swift in Sources */,
				41F6BB542013E11F0001E114 /* Result.swift in Sources */,
				413E06002176457E00AC9A50 /* AdminUndelete.pb.swift in Sources */,
				41D281992026095D0084974F /* AddAssetVC.swift in Sources */,
				413E05E92176457E00AC9A50 /* Timestamp.pb.swift in Sources */,
				413E05D82176457E00AC9A50 /* FileGetContents.pb.swift in Sources */,
				413E05DD2176457E00AC9A50 /* TransactionGetRecord.pb.swift in Sources */,
				413E05F02176457E00AC9A50 /* ResponseHeader.pb.swift in Sources */,
				41F6BB582013E11F0001E114 /* ytcpsocket.c in Sources */,
				413E05E32176457E00AC9A50 /* QueryHeader.pb.swift in Sources */,
				413E05F32176457E00AC9A50 /* CryptoTransfer.pb.swift in Sources */,
				413E0546217597B700AC9A50 /* HGCAccount.swift in Sources */,
				41F6BB512013E11F0001E114 /* TCPClient.swift in Sources */,
				413E05DA2176457E00AC9A50 /* FileGetInfo.pb.swift in Sources */,
				413E05E72176457E00AC9A50 /* FileAppend.pb.swift in Sources */,
				413E06022176457E00AC9A50 /* GetBySolidityID.pb.swift in Sources */,
				413E05FC2176457E00AC9A50 /* CryptoService.pb.swift in Sources */,
				413E054221757A4200AC9A50 /* Hedera.swift in Sources */,
			);
			runOnlyForDeploymentPostprocessing = 0;
		};
/* End PBXSourcesBuildPhase section */

/* Begin PBXVariantGroup section */
		4147D5762013D46E00077A87 /* Main.storyboard */ = {
			isa = PBXVariantGroup;
			children = (
				4147D5772013D46E00077A87 /* Base */,
			);
			name = Main.storyboard;
			sourceTree = "<group>";
		};
		4147D57B2013D46E00077A87 /* LaunchScreen.storyboard */ = {
			isa = PBXVariantGroup;
			children = (
				4147D57C2013D46E00077A87 /* Base */,
			);
			name = LaunchScreen.storyboard;
			sourceTree = "<group>";
		};
/* End PBXVariantGroup section */

/* Begin XCBuildConfiguration section */
		4147D57F2013D46E00077A87 /* Debug */ = {
			isa = XCBuildConfiguration;
			buildSettings = {
				ALWAYS_SEARCH_USER_PATHS = NO;
				CLANG_ANALYZER_NONNULL = YES;
				CLANG_ANALYZER_NUMBER_OBJECT_CONVERSION = YES_AGGRESSIVE;
				CLANG_CXX_LANGUAGE_STANDARD = "gnu++14";
				CLANG_CXX_LIBRARY = "libc++";
				CLANG_ENABLE_MODULES = YES;
				CLANG_ENABLE_OBJC_ARC = YES;
				CLANG_WARN_BLOCK_CAPTURE_AUTORELEASING = YES;
				CLANG_WARN_BOOL_CONVERSION = YES;
				CLANG_WARN_COMMA = YES;
				CLANG_WARN_CONSTANT_CONVERSION = YES;
				CLANG_WARN_DIRECT_OBJC_ISA_USAGE = YES_ERROR;
				CLANG_WARN_DOCUMENTATION_COMMENTS = YES;
				CLANG_WARN_EMPTY_BODY = YES;
				CLANG_WARN_ENUM_CONVERSION = YES;
				CLANG_WARN_INFINITE_RECURSION = YES;
				CLANG_WARN_INT_CONVERSION = YES;
				CLANG_WARN_NON_LITERAL_NULL_CONVERSION = YES;
				CLANG_WARN_OBJC_LITERAL_CONVERSION = YES;
				CLANG_WARN_OBJC_ROOT_CLASS = YES_ERROR;
				CLANG_WARN_RANGE_LOOP_ANALYSIS = YES;
				CLANG_WARN_STRICT_PROTOTYPES = YES;
				CLANG_WARN_SUSPICIOUS_MOVE = YES;
				CLANG_WARN_UNGUARDED_AVAILABILITY = YES_AGGRESSIVE;
				CLANG_WARN_UNREACHABLE_CODE = YES;
				CLANG_WARN__DUPLICATE_METHOD_MATCH = YES;
				CODE_SIGN_IDENTITY = "iPhone Developer";
				COPY_PHASE_STRIP = NO;
				DEBUG_INFORMATION_FORMAT = dwarf;
				ENABLE_STRICT_OBJC_MSGSEND = YES;
				ENABLE_TESTABILITY = YES;
				GCC_C_LANGUAGE_STANDARD = gnu11;
				GCC_DYNAMIC_NO_PIC = NO;
				GCC_NO_COMMON_BLOCKS = YES;
				GCC_OPTIMIZATION_LEVEL = 0;
				GCC_PREPROCESSOR_DEFINITIONS = (
					"DEBUG=1",
					"$(inherited)",
				);
				GCC_WARN_64_TO_32_BIT_CONVERSION = YES;
				GCC_WARN_ABOUT_RETURN_TYPE = YES_ERROR;
				GCC_WARN_UNDECLARED_SELECTOR = YES;
				GCC_WARN_UNINITIALIZED_AUTOS = YES_AGGRESSIVE;
				GCC_WARN_UNUSED_FUNCTION = YES;
				GCC_WARN_UNUSED_VARIABLE = YES;
				IPHONEOS_DEPLOYMENT_TARGET = 11.2;
				MTL_ENABLE_DEBUG_INFO = YES;
				ONLY_ACTIVE_ARCH = YES;
				SDKROOT = iphoneos;
				SWIFT_ACTIVE_COMPILATION_CONDITIONS = DEBUG;
				SWIFT_OPTIMIZATION_LEVEL = "-Onone";
			};
			name = Debug;
		};
		4147D5802013D46E00077A87 /* Release */ = {
			isa = XCBuildConfiguration;
			buildSettings = {
				ALWAYS_SEARCH_USER_PATHS = NO;
				CLANG_ANALYZER_NONNULL = YES;
				CLANG_ANALYZER_NUMBER_OBJECT_CONVERSION = YES_AGGRESSIVE;
				CLANG_CXX_LANGUAGE_STANDARD = "gnu++14";
				CLANG_CXX_LIBRARY = "libc++";
				CLANG_ENABLE_MODULES = YES;
				CLANG_ENABLE_OBJC_ARC = YES;
				CLANG_WARN_BLOCK_CAPTURE_AUTORELEASING = YES;
				CLANG_WARN_BOOL_CONVERSION = YES;
				CLANG_WARN_COMMA = YES;
				CLANG_WARN_CONSTANT_CONVERSION = YES;
				CLANG_WARN_DIRECT_OBJC_ISA_USAGE = YES_ERROR;
				CLANG_WARN_DOCUMENTATION_COMMENTS = YES;
				CLANG_WARN_EMPTY_BODY = YES;
				CLANG_WARN_ENUM_CONVERSION = YES;
				CLANG_WARN_INFINITE_RECURSION = YES;
				CLANG_WARN_INT_CONVERSION = YES;
				CLANG_WARN_NON_LITERAL_NULL_CONVERSION = YES;
				CLANG_WARN_OBJC_LITERAL_CONVERSION = YES;
				CLANG_WARN_OBJC_ROOT_CLASS = YES_ERROR;
				CLANG_WARN_RANGE_LOOP_ANALYSIS = YES;
				CLANG_WARN_STRICT_PROTOTYPES = YES;
				CLANG_WARN_SUSPICIOUS_MOVE = YES;
				CLANG_WARN_UNGUARDED_AVAILABILITY = YES_AGGRESSIVE;
				CLANG_WARN_UNREACHABLE_CODE = YES;
				CLANG_WARN__DUPLICATE_METHOD_MATCH = YES;
				CODE_SIGN_IDENTITY = "iPhone Developer";
				COPY_PHASE_STRIP = NO;
				DEBUG_INFORMATION_FORMAT = "dwarf-with-dsym";
				ENABLE_NS_ASSERTIONS = NO;
				ENABLE_STRICT_OBJC_MSGSEND = YES;
				GCC_C_LANGUAGE_STANDARD = gnu11;
				GCC_NO_COMMON_BLOCKS = YES;
				GCC_WARN_64_TO_32_BIT_CONVERSION = YES;
				GCC_WARN_ABOUT_RETURN_TYPE = YES_ERROR;
				GCC_WARN_UNDECLARED_SELECTOR = YES;
				GCC_WARN_UNINITIALIZED_AUTOS = YES_AGGRESSIVE;
				GCC_WARN_UNUSED_FUNCTION = YES;
				GCC_WARN_UNUSED_VARIABLE = YES;
				IPHONEOS_DEPLOYMENT_TARGET = 11.2;
				MTL_ENABLE_DEBUG_INFO = NO;
				SDKROOT = iphoneos;
				SWIFT_OPTIMIZATION_LEVEL = "-Owholemodule";
				VALIDATE_PRODUCT = YES;
			};
			name = Release;
		};
		4147D5822013D46E00077A87 /* Debug */ = {
			isa = XCBuildConfiguration;
			baseConfigurationReference = 7591C54A81BB71FAC6C9E33A /* Pods-B4U Wallet.debug.xcconfig */;
			buildSettings = {
				ASSETCATALOG_COMPILER_APPICON_NAME = AppIcon;
				CLANG_ENABLE_MODULES = YES;
				CODE_SIGN_STYLE = Automatic;
				DEVELOPMENT_TEAM = YCE3342473;
				INFOPLIST_FILE = "B4U Wallet/Info.plist";
				IPHONEOS_DEPLOYMENT_TARGET = 10.2;
				LD_RUNPATH_SEARCH_PATHS = "$(inherited) @executable_path/Frameworks";
				PRODUCT_BUNDLE_IDENTIFIER = "com.andressada.B4U-Wallet";
				PRODUCT_NAME = "$(TARGET_NAME)";
				SWIFT_OBJC_BRIDGING_HEADER = "SwiftSocket/B4U Wallet-Bridging-Header.h";
				SWIFT_OPTIMIZATION_LEVEL = "-Onone";
				SWIFT_VERSION = 4.0;
				TARGETED_DEVICE_FAMILY = "1,2";
			};
			name = Debug;
		};
		4147D5832013D46E00077A87 /* Release */ = {
			isa = XCBuildConfiguration;
			baseConfigurationReference = BCAAA7F94DEC899FA056EB59 /* Pods-B4U Wallet.release.xcconfig */;
			buildSettings = {
				ASSETCATALOG_COMPILER_APPICON_NAME = AppIcon;
				CLANG_ENABLE_MODULES = YES;
				CODE_SIGN_STYLE = Automatic;
				DEVELOPMENT_TEAM = YCE3342473;
				INFOPLIST_FILE = "B4U Wallet/Info.plist";
				IPHONEOS_DEPLOYMENT_TARGET = 10.2;
				LD_RUNPATH_SEARCH_PATHS = "$(inherited) @executable_path/Frameworks";
				PRODUCT_BUNDLE_IDENTIFIER = "com.andressada.B4U-Wallet";
				PRODUCT_NAME = "$(TARGET_NAME)";
				SWIFT_OBJC_BRIDGING_HEADER = "SwiftSocket/B4U Wallet-Bridging-Header.h";
				SWIFT_VERSION = 4.0;
				TARGETED_DEVICE_FAMILY = "1,2";
			};
			name = Release;
		};
/* End XCBuildConfiguration section */

/* Begin XCConfigurationList section */
		4147D56A2013D46E00077A87 /* Build configuration list for PBXProject "B4U Wallet" */ = {
			isa = XCConfigurationList;
			buildConfigurations = (
				4147D57F2013D46E00077A87 /* Debug */,
				4147D5802013D46E00077A87 /* Release */,
			);
			defaultConfigurationIsVisible = 0;
			defaultConfigurationName = Release;
		};
		4147D5812013D46E00077A87 /* Build configuration list for PBXNativeTarget "B4U Wallet" */ = {
			isa = XCConfigurationList;
			buildConfigurations = (
				4147D5822013D46E00077A87 /* Debug */,
				4147D5832013D46E00077A87 /* Release */,
			);
			defaultConfigurationIsVisible = 0;
			defaultConfigurationName = Release;
		};
/* End XCConfigurationList section */
	};
	rootObject = 4147D5672013D46E00077A87 /* Project object */;
}
